
Microsoft Visual Studio Solution File, Format Version 12.00
# Visual Studio Version 17
VisualStudioVersion = 17.0.32126.317
MinimumVisualStudioVersion = 10.0.40219.1
Project("{2150E333-8FDC-42A3-9474-1A3956D46DE8}") = "Services", "Services", "{4A6216C0-25A2-492C-8046-5CBF48613337}"
EndProject
Project("{2150E333-8FDC-42A3-9474-1A3956D46DE8}") = "Catalog", "Catalog", "{5C33819F-32C0-4BC7-9F42-073DDE2AB37E}"
EndProject
Project("{9A19103F-16F7-4668-BE54-9A1E7A4F7556}") = "FreeCourse.Services.Catalog", "Services\Catalog\FreeCourse.Services.Catalog\FreeCourse.Services.Catalog.csproj", "{7DA520D8-43C2-4687-AB81-7E64FCFBD84C}"
EndProject
Project("{2150E333-8FDC-42A3-9474-1A3956D46DE8}") = "Solution Items", "Solution Items", "{C596035D-FEF0-41EA-A10D-414453AE2446}"
	ProjectSection(SolutionItems) = preProject
		Ports.txt = Ports.txt
	EndProjectSection
EndProject
Project("{2150E333-8FDC-42A3-9474-1A3956D46DE8}") = "Shared", "Shared", "{6E0ED4DD-2AE4-4CBE-ADA4-8FB354369ECA}"
EndProject
Project("{9A19103F-16F7-4668-BE54-9A1E7A4F7556}") = "FreeCourse.Shared", "Shared\FreeCourse.Shared\FreeCourse.Shared.csproj", "{C4EC5609-9BCC-4D57-8684-AA6808BCB83F}"
EndProject
Project("{2150E333-8FDC-42A3-9474-1A3956D46DE8}") = "IdentityServer", "IdentityServer", "{08F512D7-06A4-4913-87FB-AC216DC4C6B3}"
EndProject
Project("{9A19103F-16F7-4668-BE54-9A1E7A4F7556}") = "FreeCourse.IdentityServer", "IdentityServer\FreeCourse.IdentityServer\FreeCourse.IdentityServer.csproj", "{A52402EF-7768-456B-9135-C3E1889F546C}"
EndProject
Project("{2150E333-8FDC-42A3-9474-1A3956D46DE8}") = "PhotoStock", "PhotoStock", "{682F18B6-4B74-4CD9-96A6-4E6805EF4CC7}"
EndProject
Project("{FAE04EC0-301F-11D3-BF4B-00C04F79EFBC}") = "FreeCourse.Services.PhotoStock", "Services\PhotoStock\FreeCourse.Services.PhotoStock\FreeCourse.Services.PhotoStock.csproj", "{314281F0-52DE-4FAD-9936-4357C9FEDAFD}"
EndProject
Global
	GlobalSection(SolutionConfigurationPlatforms) = preSolution
		Debug|Any CPU = Debug|Any CPU
		Release|Any CPU = Release|Any CPU
	EndGlobalSection
	GlobalSection(ProjectConfigurationPlatforms) = postSolution
		{7DA520D8-43C2-4687-AB81-7E64FCFBD84C}.Debug|Any CPU.ActiveCfg = Debug|Any CPU
		{7DA520D8-43C2-4687-AB81-7E64FCFBD84C}.Debug|Any CPU.Build.0 = Debug|Any CPU
		{7DA520D8-43C2-4687-AB81-7E64FCFBD84C}.Release|Any CPU.ActiveCfg = Release|Any CPU
		{7DA520D8-43C2-4687-AB81-7E64FCFBD84C}.Release|Any CPU.Build.0 = Release|Any CPU
		{C4EC5609-9BCC-4D57-8684-AA6808BCB83F}.Debug|Any CPU.ActiveCfg = Debug|Any CPU
		{C4EC5609-9BCC-4D57-8684-AA6808BCB83F}.Debug|Any CPU.Build.0 = Debug|Any CPU
		{C4EC5609-9BCC-4D57-8684-AA6808BCB83F}.Release|Any CPU.ActiveCfg = Release|Any CPU
		{C4EC5609-9BCC-4D57-8684-AA6808BCB83F}.Release|Any CPU.Build.0 = Release|Any CPU
		{A52402EF-7768-456B-9135-C3E1889F546C}.Debug|Any CPU.ActiveCfg = Debug|Any CPU
		{A52402EF-7768-456B-9135-C3E1889F546C}.Debug|Any CPU.Build.0 = Debug|Any CPU
		{A52402EF-7768-456B-9135-C3E1889F546C}.Release|Any CPU.ActiveCfg = Release|Any CPU
		{A52402EF-7768-456B-9135-C3E1889F546C}.Release|Any CPU.Build.0 = Release|Any CPU
		{314281F0-52DE-4FAD-9936-4357C9FEDAFD}.Debug|Any CPU.ActiveCfg = Debug|Any CPU
		{314281F0-52DE-4FAD-9936-4357C9FEDAFD}.Debug|Any CPU.Build.0 = Debug|Any CPU
		{314281F0-52DE-4FAD-9936-4357C9FEDAFD}.Release|Any CPU.ActiveCfg = Release|Any CPU
		{314281F0-52DE-4FAD-9936-4357C9FEDAFD}.Release|Any CPU.Build.0 = Release|Any CPU
	EndGlobalSection
	GlobalSection(SolutionProperties) = preSolution
		HideSolutionNode = FALSE
	EndGlobalSection
	GlobalSection(NestedProjects) = preSolution
		{5C33819F-32C0-4BC7-9F42-073DDE2AB37E} = {4A6216C0-25A2-492C-8046-5CBF48613337}
		{7DA520D8-43C2-4687-AB81-7E64FCFBD84C} = {5C33819F-32C0-4BC7-9F42-073DDE2AB37E}
		{C4EC5609-9BCC-4D57-8684-AA6808BCB83F} = {6E0ED4DD-2AE4-4CBE-ADA4-8FB354369ECA}
		{A52402EF-7768-456B-9135-C3E1889F546C} = {08F512D7-06A4-4913-87FB-AC216DC4C6B3}
		{682F18B6-4B74-4CD9-96A6-4E6805EF4CC7} = {4A6216C0-25A2-492C-8046-5CBF48613337}
		{314281F0-52DE-4FAD-9936-4357C9FEDAFD} = {682F18B6-4B74-4CD9-96A6-4E6805EF4CC7}
	EndGlobalSection
	GlobalSection(ExtensibilityGlobals) = postSolution
		SolutionGuid = {09AFF607-D906-4C5A-8B1C-640410B3480A}
	EndGlobalSection
EndGlobal
